
Microsoft Visual Studio Solution File, Format Version 12.00
# Visual Studio Version 16
VisualStudioVersion = 16.0.34031.81
MinimumVisualStudioVersion = 10.0.40219.1
Project("{FAE04EC0-301F-11D3-BF4B-00C04F79EFBC}") = "NYP_Odev2", "NYP_Odev2\NYP_Odev2.csproj", "{E558DA4C-0563-462E-A405-680CAA199205}"
EndProject
Global
	GlobalSection(SolutionConfigurationPlatforms) = preSolution
		Debug|Any CPU = Debug|Any CPU
		Release|Any CPU = Release|Any CPU
	EndGlobalSection
	GlobalSection(ProjectConfigurationPlatforms) = postSolution
		{E558DA4C-0563-462E-A405-680CAA199205}.Debug|Any CPU.ActiveCfg = Debug|Any CPU
		{E558DA4C-0563-462E-A405-680CAA199205}.Debug|Any CPU.Build.0 = Debug|Any CPU
		{E558DA4C-0563-462E-A405-680CAA199205}.Release|Any CPU.ActiveCfg = Release|Any CPU
		{E558DA4C-0563-462E-A405-680CAA199205}.Release|Any CPU.Build.0 = Release|Any CPU
	EndGlobalSection
	GlobalSection(SolutionProperties) = preSolution
		HideSolutionNode = FALSE
	EndGlobalSection
	GlobalSection(ExtensibilityGlobals) = postSolution
		SolutionGuid = {802A372A-15C9-44AB-B815-11089B2D646A}
	EndGlobalSection
EndGlobal
